
Microsoft Visual Studio Solution File, Format Version 12.00
# Visual Studio Version 17
VisualStudioVersion = 17.5.002.0
MinimumVisualStudioVersion = 10.0.40219.1
Project("{9A19103F-16F7-4668-BE54-9A1E7A4F7556}") = "Static_Class", "Static_Class.csproj", "{DEAB1A1F-BF95-4D90-90F9-D09230E25823}"
EndProject
Global
	GlobalSection(SolutionConfigurationPlatforms) = preSolution
		Debug|Any CPU = Debug|Any CPU
		Release|Any CPU = Release|Any CPU
	EndGlobalSection
	GlobalSection(ProjectConfigurationPlatforms) = postSolution
		{DEAB1A1F-BF95-4D90-90F9-D09230E25823}.Debug|Any CPU.ActiveCfg = Debug|Any CPU
		{DEAB1A1F-BF95-4D90-90F9-D09230E25823}.Debug|Any CPU.Build.0 = Debug|Any CPU
		{DEAB1A1F-BF95-4D90-90F9-D09230E25823}.Release|Any CPU.ActiveCfg = Release|Any CPU
		{DEAB1A1F-BF95-4D90-90F9-D09230E25823}.Release|Any CPU.Build.0 = Release|Any CPU
	EndGlobalSection
	GlobalSection(SolutionProperties) = preSolution
		HideSolutionNode = FALSE
	EndGlobalSection
	GlobalSection(ExtensibilityGlobals) = postSolution
		SolutionGuid = {BC0EDB0B-EB58-4B5D-BD63-7DA814CD9114}
	EndGlobalSection
EndGlobal
